{
    "_readme": [
        "This file locks the dependencies of your project to a known state",
        "Read more about it at https://getcomposer.org/doc/01-basic-usage.md#installing-dependencies",
        "This file is @generated automatically"
    ],
    "content-hash": "886ec567a25af18298e203c3197baf3b",
    "packages": [
        {
            "name": "fguillot/json-rpc",
            "version": "v1.2.5",
            "source": {
                "type": "git",
                "url": "https://github.com/matasarei/JsonRPC.git",
                "reference": "fa075cc89c1ae5f0c4123d27772e5caeac045946"
            },
            "dist": {
                "type": "zip",
                "url": "https://api.github.com/repos/matasarei/JsonRPC/zipball/fa075cc89c1ae5f0c4123d27772e5caeac045946",
                "reference": "fa075cc89c1ae5f0c4123d27772e5caeac045946",
                "shasum": ""
            },
            "require": {
                "php": ">=5.3.4"
            },
            "require-dev": {
                "phpunit/phpunit": "4.8.*"
            },
            "type": "library",
            "autoload": {
                "psr-0": {
                    "JsonRPC": "src/"
                }
            },
            "notification-url": "https://packagist.org/downloads/",
            "license": [
                "MIT"
            ],
            "authors": [
                {
                    "name": "Frédéric Guillot"
                }
            ],
            "description": "Simple Json-RPC client/server library that just works",
            "homepage": "https://github.com/fguillot/JsonRPC",
            "support": {
                "source": "https://github.com/matasarei/JsonRPC/tree/v1.2.5"
            },
            "time": "2018-02-21T23:58:51+00:00"
        },
        {
            "name": "firebase/php-jwt",
            "version": "v5.2.0",
            "source": {
                "type": "git",
                "url": "https://github.com/firebase/php-jwt.git",
                "reference": "feb0e820b8436873675fd3aca04f3728eb2185cb"
            },
            "dist": {
                "type": "zip",
                "url": "https://api.github.com/repos/firebase/php-jwt/zipball/feb0e820b8436873675fd3aca04f3728eb2185cb",
                "reference": "feb0e820b8436873675fd3aca04f3728eb2185cb",
                "shasum": ""
            },
            "require": {
                "php": ">=5.3.0"
            },
            "require-dev": {
                "phpunit/phpunit": ">=4.8 <=9"
            },
            "type": "library",
            "autoload": {
                "psr-4": {
                    "Firebase\\JWT\\": "src"
                }
            },
            "notification-url": "https://packagist.org/downloads/",
            "license": [
                "BSD-3-Clause"
            ],
            "authors": [
                {
                    "name": "Neuman Vong",
                    "email": "neuman+pear@twilio.com",
                    "role": "Developer"
                },
                {
                    "name": "Anant Narayanan",
                    "email": "anant@php.net",
                    "role": "Developer"
                }
            ],
            "description": "A simple library to encode and decode JSON Web Tokens (JWT) in PHP. Should conform to the current spec.",
            "homepage": "https://github.com/firebase/php-jwt",
            "keywords": [
                "jwt",
                "php"
            ],
            "time": "2020-03-25T18:49:23+00:00"
        },
        {
            "name": "lcobucci/jwt",
            "version": "3.3.3",
            "source": {
                "type": "git",
                "url": "https://github.com/lcobucci/jwt.git",
                "reference": "c1123697f6a2ec29162b82f170dd4a491f524773"
            },
            "dist": {
                "type": "zip",
                "url": "https://api.github.com/repos/lcobucci/jwt/zipball/c1123697f6a2ec29162b82f170dd4a491f524773",
                "reference": "c1123697f6a2ec29162b82f170dd4a491f524773",
                "shasum": ""
            },
            "require": {
                "ext-mbstring": "*",
                "ext-openssl": "*",
                "php": "^5.6 || ^7.0"
            },
            "require-dev": {
                "mikey179/vfsstream": "~1.5",
                "phpmd/phpmd": "~2.2",
                "phpunit/php-invoker": "~1.1",
                "phpunit/phpunit": "^5.7 || ^7.3",
                "squizlabs/php_codesniffer": "~2.3"
            },
            "type": "library",
            "extra": {
                "branch-alias": {
                    "dev-master": "3.1-dev"
                }
            },
            "autoload": {
                "psr-4": {
                    "Lcobucci\\JWT\\": "src"
                }
            },
            "notification-url": "https://packagist.org/downloads/",
            "license": [
                "BSD-3-Clause"
            ],
            "authors": [
                {
                    "name": "Luís Otávio Cobucci Oblonczyk",
                    "email": "lcobucci@gmail.com",
                    "role": "Developer"
                }
            ],
            "description": "A simple library to work with JSON Web Token and JSON Web Signature",
            "keywords": [
                "JWS",
                "jwt"
            ],
            "funding": [
                {
                    "url": "https://github.com/lcobucci",
                    "type": "github"
                },
                {
                    "url": "https://www.patreon.com/lcobucci",
                    "type": "patreon"
                }
            ],
            "time": "2020-08-20T13:22:28+00:00"
        },
        {
            "name": "outcomebet/casino25-api-client",
            "version": "dev-master",
            "source": {
                "type": "git",
                "url": "https://github.com/OutcomeBet/casino25-api-client.git",
                "reference": "a8514bbca7531f3e7dffa838c3398fdab0605a44"
            },
            "dist": {
                "type": "zip",
                "url": "https://api.github.com/repos/OutcomeBet/casino25-api-client/zipball/a8514bbca7531f3e7dffa838c3398fdab0605a44",
                "reference": "a8514bbca7531f3e7dffa838c3398fdab0605a44",
                "shasum": ""
            },
            "require": {
                "fguillot/json-rpc": "1.2.5",
                "php": ">=5.3.0"
            },
            "default-branch": true,
            "type": "library",
            "autoload": {
                "psr-4": {
                    "outcomebet\\casino25\\api\\client\\": "src"
                }
            },
            "authors": [
                {
                    "name": "OutcomeBet",
                    "email": "contact@outcomebet.biz"
                }
            ],
            "homepage": "https://github.com/OutcomeBet/casino25-api-client",
            "support": {
                "source": "https://github.com/OutcomeBet/casino25-api-client/tree/master",
                "issues": "https://github.com/OutcomeBet/casino25-api-client/issues"
            },
            "time": "2020-06-29T09:16:07+00:00"
        }
    ],
    "packages-dev": [],
    "aliases": [],
    "minimum-stability": "dev",
    "stability-flags": [],
    "prefer-stable": false,
    "prefer-lowest": false,
    "platform": {
        "ext-curl": "*",
        "ext-json": "*"
    },
    "platform-dev": [],
    "plugin-api-version": "2.3.0"
}
